
Microsoft Visual Studio Solution File, Format Version 12.00
# Visual Studio 15
VisualStudioVersion = 15.0.28307.902
MinimumVisualStudioVersion = 10.0.40219.1
Project("{FAE04EC0-301F-11D3-BF4B-00C04F79EFBC}") = "CursoGITHub_NelioAlvez", "CursoGITHub_NelioAlvez\CursoGITHub_NelioAlvez.csproj", "{47E89389-1D70-433B-A027-0BC7DB1CDE90}"
EndProject
Global
	GlobalSection(SolutionConfigurationPlatforms) = preSolution
		Debug|Any CPU = Debug|Any CPU
		Release|Any CPU = Release|Any CPU
	EndGlobalSection
	GlobalSection(ProjectConfigurationPlatforms) = postSolution
		{47E89389-1D70-433B-A027-0BC7DB1CDE90}.Debug|Any CPU.ActiveCfg = Debug|Any CPU
		{47E89389-1D70-433B-A027-0BC7DB1CDE90}.Debug|Any CPU.Build.0 = Debug|Any CPU
		{47E89389-1D70-433B-A027-0BC7DB1CDE90}.Release|Any CPU.ActiveCfg = Release|Any CPU
		{47E89389-1D70-433B-A027-0BC7DB1CDE90}.Release|Any CPU.Build.0 = Release|Any CPU
	EndGlobalSection
	GlobalSection(SolutionProperties) = preSolution
		HideSolutionNode = FALSE
	EndGlobalSection
	GlobalSection(ExtensibilityGlobals) = postSolution
		SolutionGuid = {AC611057-0B6D-4B55-AB92-41E0D11C6572}
	EndGlobalSection
EndGlobal
